
Microsoft Visual Studio Solution File, Format Version 12.00
# Visual Studio Version 16
VisualStudioVersion = 16.0.29509.3
MinimumVisualStudioVersion = 10.0.40219.1
Project("{FAE04EC0-301F-11D3-BF4B-00C04F79EFBC}") = "Ligdja-web", "Ligdja-web\Ligdja-web.csproj", "{D46778D1-D253-4A19-B60D-FCAC94625F0D}"
EndProject
Global
	GlobalSection(SolutionConfigurationPlatforms) = preSolution
		Debug|Any CPU = Debug|Any CPU
		Release|Any CPU = Release|Any CPU
	EndGlobalSection
	GlobalSection(ProjectConfigurationPlatforms) = postSolution
		{D46778D1-D253-4A19-B60D-FCAC94625F0D}.Debug|Any CPU.ActiveCfg = Debug|Any CPU
		{D46778D1-D253-4A19-B60D-FCAC94625F0D}.Debug|Any CPU.Build.0 = Debug|Any CPU
		{D46778D1-D253-4A19-B60D-FCAC94625F0D}.Release|Any CPU.ActiveCfg = Release|Any CPU
		{D46778D1-D253-4A19-B60D-FCAC94625F0D}.Release|Any CPU.Build.0 = Release|Any CPU
	EndGlobalSection
	GlobalSection(SolutionProperties) = preSolution
		HideSolutionNode = FALSE
	EndGlobalSection
	GlobalSection(ExtensibilityGlobals) = postSolution
		SolutionGuid = {C8CA9E91-27A4-484D-B63F-7980454D63F7}
	EndGlobalSection
EndGlobal
